
Microsoft Visual Studio Solution File, Format Version 12.00
# Visual Studio 2012
Project("{FAE04EC0-301F-11D3-BF4B-00C04F79EFBC}") = "Components", "Components\Components.csproj", "{4F6BE000-5CDD-4CA5-8F13-45768FBDA85B}"
EndProject
Project("{E24C65DC-7377-472B-9ABA-BC803B73C61A}") = "ComponentTest", "http://localhost:2075", "{09830FCD-CC73-425A-A643-22745A0A5F14}"
	ProjectSection(WebsiteProperties) = preProject
		UseIISExpress = "true"
		TargetFrameworkMoniker = ".NETFramework,Version%3Dv4.5"
		ProjectReferences = ""
		Debug.AspNetCompiler.VirtualPath = "/ComponentTest"
		Debug.AspNetCompiler.PhysicalPath = "..\ComponentTest\"
		Debug.AspNetCompiler.TargetPath = "PrecompiledWeb\ComponentTest\"
		Debug.AspNetCompiler.Updateable = "true"
		Debug.AspNetCompiler.ForceOverwrite = "true"
		Debug.AspNetCompiler.FixedNames = "false"
		Debug.AspNetCompiler.Debug = "True"
		Release.AspNetCompiler.VirtualPath = "/ComponentTest"
		Release.AspNetCompiler.PhysicalPath = "..\ComponentTest\"
		Release.AspNetCompiler.TargetPath = "PrecompiledWeb\ComponentTest\"
		Release.AspNetCompiler.Updateable = "true"
		Release.AspNetCompiler.ForceOverwrite = "true"
		Release.AspNetCompiler.FixedNames = "false"
		Release.AspNetCompiler.Debug = "False"
		SlnRelativePath = "ComponentTest\"
	EndProjectSection
EndProject
Global
	GlobalSection(SolutionConfigurationPlatforms) = preSolution
		Debug|.NET = Debug|.NET
		Debug|Any CPU = Debug|Any CPU
		Debug|Mixed Platforms = Debug|Mixed Platforms
		Release|.NET = Release|.NET
		Release|Any CPU = Release|Any CPU
		Release|Mixed Platforms = Release|Mixed Platforms
	EndGlobalSection
	GlobalSection(ProjectConfigurationPlatforms) = postSolution
		{4F6BE000-5CDD-4CA5-8F13-45768FBDA85B}.Debug|.NET.ActiveCfg = Debug|Any CPU
		{4F6BE000-5CDD-4CA5-8F13-45768FBDA85B}.Debug|Any CPU.ActiveCfg = Debug|Any CPU
		{4F6BE000-5CDD-4CA5-8F13-45768FBDA85B}.Debug|Any CPU.Build.0 = Debug|Any CPU
		{4F6BE000-5CDD-4CA5-8F13-45768FBDA85B}.Debug|Mixed Platforms.ActiveCfg = Debug|Any CPU
		{4F6BE000-5CDD-4CA5-8F13-45768FBDA85B}.Debug|Mixed Platforms.Build.0 = Debug|Any CPU
		{4F6BE000-5CDD-4CA5-8F13-45768FBDA85B}.Release|.NET.ActiveCfg = Release|Any CPU
		{4F6BE000-5CDD-4CA5-8F13-45768FBDA85B}.Release|Any CPU.ActiveCfg = Release|Any CPU
		{4F6BE000-5CDD-4CA5-8F13-45768FBDA85B}.Release|Any CPU.Build.0 = Release|Any CPU
		{4F6BE000-5CDD-4CA5-8F13-45768FBDA85B}.Release|Mixed Platforms.ActiveCfg = Release|Any CPU
		{4F6BE000-5CDD-4CA5-8F13-45768FBDA85B}.Release|Mixed Platforms.Build.0 = Release|Any CPU
		{09830FCD-CC73-425A-A643-22745A0A5F14}.Debug|.NET.ActiveCfg = Debug|Any CPU
		{09830FCD-CC73-425A-A643-22745A0A5F14}.Debug|Any CPU.ActiveCfg = Debug|Any CPU
		{09830FCD-CC73-425A-A643-22745A0A5F14}.Debug|Any CPU.Build.0 = Debug|Any CPU
		{09830FCD-CC73-425A-A643-22745A0A5F14}.Debug|Mixed Platforms.ActiveCfg = Debug|Any CPU
		{09830FCD-CC73-425A-A643-22745A0A5F14}.Debug|Mixed Platforms.Build.0 = Debug|Any CPU
		{09830FCD-CC73-425A-A643-22745A0A5F14}.Release|.NET.ActiveCfg = Debug|Any CPU
		{09830FCD-CC73-425A-A643-22745A0A5F14}.Release|Any CPU.ActiveCfg = Debug|Any CPU
		{09830FCD-CC73-425A-A643-22745A0A5F14}.Release|Any CPU.Build.0 = Debug|Any CPU
		{09830FCD-CC73-425A-A643-22745A0A5F14}.Release|Mixed Platforms.ActiveCfg = Debug|Any CPU
		{09830FCD-CC73-425A-A643-22745A0A5F14}.Release|Mixed Platforms.Build.0 = Debug|Any CPU
	EndGlobalSection
	GlobalSection(SolutionProperties) = preSolution
		HideSolutionNode = FALSE
	EndGlobalSection
EndGlobal
