
Microsoft Visual Studio Solution File, Format Version 12.00
# Visual Studio 2012
Project("{E24C65DC-7377-472B-9ABA-BC803B73C61A}") = "RichControls", "http://localhost:43390", "{D9EFCE7F-02F2-4483-BBCC-4BB7D30DF6A9}"
	ProjectSection(WebsiteProperties) = preProject
		UseIISExpress = "true"
		TargetFrameworkMoniker = ".NETFramework,Version%3Dv4.5"
		Debug.AspNetCompiler.VirtualPath = "/RichControls"
		Debug.AspNetCompiler.PhysicalPath = "RichControls\"
		Debug.AspNetCompiler.TargetPath = "PrecompiledWeb\RichControls\"
		Debug.AspNetCompiler.Updateable = "true"
		Debug.AspNetCompiler.ForceOverwrite = "true"
		Debug.AspNetCompiler.FixedNames = "false"
		Debug.AspNetCompiler.Debug = "True"
		Release.AspNetCompiler.VirtualPath = "/RichControls"
		Release.AspNetCompiler.PhysicalPath = "RichControls\"
		Release.AspNetCompiler.TargetPath = "PrecompiledWeb\RichControls\"
		Release.AspNetCompiler.Updateable = "true"
		Release.AspNetCompiler.ForceOverwrite = "true"
		Release.AspNetCompiler.FixedNames = "false"
		Release.AspNetCompiler.Debug = "False"
		SlnRelativePath = "RichControls\"
	EndProjectSection
EndProject
Global
	GlobalSection(SolutionConfigurationPlatforms) = preSolution
		Debug|Any CPU = Debug|Any CPU
	EndGlobalSection
	GlobalSection(ProjectConfigurationPlatforms) = postSolution
		{D9EFCE7F-02F2-4483-BBCC-4BB7D30DF6A9}.Debug|Any CPU.ActiveCfg = Debug|Any CPU
		{D9EFCE7F-02F2-4483-BBCC-4BB7D30DF6A9}.Debug|Any CPU.Build.0 = Debug|Any CPU
	EndGlobalSection
	GlobalSection(SolutionProperties) = preSolution
		HideSolutionNode = FALSE
	EndGlobalSection
EndGlobal
