
Microsoft Visual Studio Solution File, Format Version 12.00
# Visual Studio 2012
Project("{E24C65DC-7377-472B-9ABA-BC803B73C61A}") = "MenuSiteMap", "http://localhost:55454", "{317A4F9E-392D-405B-BF61-3FE365BE6C8A}"
	ProjectSection(WebsiteProperties) = preProject
		UseIISExpress = "true"
		TargetFrameworkMoniker = ".NETFramework,Version%3Dv4.5"
		Debug.AspNetCompiler.VirtualPath = "/MenuSiteMap"
		Debug.AspNetCompiler.PhysicalPath = "D:\Code\Beginning ASP.NET 3.5\Chapter14\MenuSiteMap\"
		Debug.AspNetCompiler.TargetPath = "PrecompiledWeb\MenuSiteMap\"
		Debug.AspNetCompiler.Updateable = "true"
		Debug.AspNetCompiler.ForceOverwrite = "true"
		Debug.AspNetCompiler.FixedNames = "false"
		Debug.AspNetCompiler.Debug = "True"
		Release.AspNetCompiler.VirtualPath = "/MenuSiteMap"
		Release.AspNetCompiler.PhysicalPath = "D:\Code\Beginning ASP.NET 3.5\Chapter14\MenuSiteMap\"
		Release.AspNetCompiler.TargetPath = "PrecompiledWeb\MenuSiteMap\"
		Release.AspNetCompiler.Updateable = "true"
		Release.AspNetCompiler.ForceOverwrite = "true"
		Release.AspNetCompiler.FixedNames = "false"
		Release.AspNetCompiler.Debug = "False"
		SlnRelativePath = "MenuSiteMap\"
	EndProjectSection
EndProject
Global
	GlobalSection(SolutionConfigurationPlatforms) = preSolution
		Debug|Any CPU = Debug|Any CPU
	EndGlobalSection
	GlobalSection(ProjectConfigurationPlatforms) = postSolution
		{317A4F9E-392D-405B-BF61-3FE365BE6C8A}.Debug|Any CPU.ActiveCfg = Debug|Any CPU
		{317A4F9E-392D-405B-BF61-3FE365BE6C8A}.Debug|Any CPU.Build.0 = Debug|Any CPU
	EndGlobalSection
	GlobalSection(SolutionProperties) = preSolution
		HideSolutionNode = FALSE
	EndGlobalSection
EndGlobal
