
Microsoft Visual Studio Solution File, Format Version 12.00
# Visual Studio 2012
Project("{E24C65DC-7377-472B-9ABA-BC803B73C61A}") = "SimpleSiteMap", "http://localhost:55519", "{60154D11-7F19-4DDB-8603-D948DF9B7B8D}"
	ProjectSection(WebsiteProperties) = preProject
		UseIISExpress = "true"
		TargetFrameworkMoniker = ".NETFramework,Version%3Dv4.5"
		Debug.AspNetCompiler.VirtualPath = "/SimpleSiteMap"
		Debug.AspNetCompiler.PhysicalPath = "D:\Code\Beginning ASP.NET 3.5\Chapter14\SimpleSiteMap\"
		Debug.AspNetCompiler.TargetPath = "PrecompiledWeb\SimpleSiteMap\"
		Debug.AspNetCompiler.Updateable = "true"
		Debug.AspNetCompiler.ForceOverwrite = "true"
		Debug.AspNetCompiler.FixedNames = "false"
		Debug.AspNetCompiler.Debug = "True"
		Release.AspNetCompiler.VirtualPath = "/SimpleSiteMap"
		Release.AspNetCompiler.PhysicalPath = "D:\Code\Beginning ASP.NET 3.5\Chapter14\SimpleSiteMap\"
		Release.AspNetCompiler.TargetPath = "PrecompiledWeb\SimpleSiteMap\"
		Release.AspNetCompiler.Updateable = "true"
		Release.AspNetCompiler.ForceOverwrite = "true"
		Release.AspNetCompiler.FixedNames = "false"
		Release.AspNetCompiler.Debug = "False"
		SlnRelativePath = "SimpleSiteMap\"
	EndProjectSection
EndProject
Global
	GlobalSection(SolutionConfigurationPlatforms) = preSolution
		Debug|Any CPU = Debug|Any CPU
	EndGlobalSection
	GlobalSection(ProjectConfigurationPlatforms) = postSolution
		{60154D11-7F19-4DDB-8603-D948DF9B7B8D}.Debug|Any CPU.ActiveCfg = Debug|Any CPU
		{60154D11-7F19-4DDB-8603-D948DF9B7B8D}.Debug|Any CPU.Build.0 = Debug|Any CPU
	EndGlobalSection
	GlobalSection(SolutionProperties) = preSolution
		HideSolutionNode = FALSE
	EndGlobalSection
EndGlobal
