
Microsoft Visual Studio Solution File, Format Version 12.00
# Visual Studio 2012
Project("{E24C65DC-7377-472B-9ABA-BC803B73C61A}") = "FormsSecurity", "http://localhost:63359", "{BBC37DA6-85F1-4C48-968C-45DD049488D4}"
	ProjectSection(WebsiteProperties) = preProject
		UseIISExpress = "true"
		TargetFrameworkMoniker = ".NETFramework,Version%3Dv4.5"
		Debug.AspNetCompiler.VirtualPath = "/FormsSecurity"
		Debug.AspNetCompiler.PhysicalPath = "FormsSecurity\"
		Debug.AspNetCompiler.TargetPath = "PrecompiledWeb\FormsSecurity\"
		Debug.AspNetCompiler.Updateable = "true"
		Debug.AspNetCompiler.ForceOverwrite = "true"
		Debug.AspNetCompiler.FixedNames = "false"
		Debug.AspNetCompiler.Debug = "True"
		Release.AspNetCompiler.VirtualPath = "/FormsSecurity"
		Release.AspNetCompiler.PhysicalPath = "FormsSecurity\"
		Release.AspNetCompiler.TargetPath = "PrecompiledWeb\FormsSecurity\"
		Release.AspNetCompiler.Updateable = "true"
		Release.AspNetCompiler.ForceOverwrite = "true"
		Release.AspNetCompiler.FixedNames = "false"
		Release.AspNetCompiler.Debug = "False"
		SlnRelativePath = "FormsSecurity\"
	EndProjectSection
EndProject
Global
	GlobalSection(SolutionConfigurationPlatforms) = preSolution
		Debug|Any CPU = Debug|Any CPU
	EndGlobalSection
	GlobalSection(ProjectConfigurationPlatforms) = postSolution
		{BBC37DA6-85F1-4C48-968C-45DD049488D4}.Debug|Any CPU.ActiveCfg = Debug|Any CPU
		{BBC37DA6-85F1-4C48-968C-45DD049488D4}.Debug|Any CPU.Build.0 = Debug|Any CPU
	EndGlobalSection
	GlobalSection(SolutionProperties) = preSolution
		HideSolutionNode = FALSE
	EndGlobalSection
EndGlobal
