
Microsoft Visual Studio Solution File, Format Version 12.00
# Visual Studio 2012
Project("{E24C65DC-7377-472B-9ABA-BC803B73C61A}") = "WindowsSecurity", "http://localhost:56199", "{EE0E2731-106F-4000-A206-041EE16C06A0}"
	ProjectSection(WebsiteProperties) = preProject
		UseIISExpress = "true"
		TargetFrameworkMoniker = ".NETFramework,Version%3Dv4.5"
		Debug.AspNetCompiler.VirtualPath = "/WindowsSecurity"
		Debug.AspNetCompiler.PhysicalPath = "WindowsSecurity\"
		Debug.AspNetCompiler.TargetPath = "PrecompiledWeb\WindowsSecurity\"
		Debug.AspNetCompiler.Updateable = "true"
		Debug.AspNetCompiler.ForceOverwrite = "true"
		Debug.AspNetCompiler.FixedNames = "false"
		Debug.AspNetCompiler.Debug = "True"
		Release.AspNetCompiler.VirtualPath = "/WindowsSecurity"
		Release.AspNetCompiler.PhysicalPath = "WindowsSecurity\"
		Release.AspNetCompiler.TargetPath = "PrecompiledWeb\WindowsSecurity\"
		Release.AspNetCompiler.Updateable = "true"
		Release.AspNetCompiler.ForceOverwrite = "true"
		Release.AspNetCompiler.FixedNames = "false"
		Release.AspNetCompiler.Debug = "False"
		SlnRelativePath = "WindowsSecurity\"
	EndProjectSection
EndProject
Global
	GlobalSection(SolutionConfigurationPlatforms) = preSolution
		Debug|Any CPU = Debug|Any CPU
	EndGlobalSection
	GlobalSection(ProjectConfigurationPlatforms) = postSolution
		{EE0E2731-106F-4000-A206-041EE16C06A0}.Debug|Any CPU.ActiveCfg = Debug|Any CPU
		{EE0E2731-106F-4000-A206-041EE16C06A0}.Debug|Any CPU.Build.0 = Debug|Any CPU
	EndGlobalSection
	GlobalSection(SolutionProperties) = preSolution
		HideSolutionNode = FALSE
	EndGlobalSection
EndGlobal
