
Microsoft Visual Studio Solution File, Format Version 12.00
# Visual Studio 2012
Project("{E24C65DC-7377-472B-9ABA-BC803B73C61A}") = "UserControls", "http://localhost:57534", "{2B80EA3E-CA24-4DE5-A830-B609DBCBBA2D}"
	ProjectSection(WebsiteProperties) = preProject
		UseIISExpress = "true"
		TargetFrameworkMoniker = ".NETFramework,Version%3Dv4.5"
		Debug.AspNetCompiler.VirtualPath = "/UserControls"
		Debug.AspNetCompiler.PhysicalPath = "UserControls\"
		Debug.AspNetCompiler.TargetPath = "PrecompiledWeb\UserControls\"
		Debug.AspNetCompiler.Updateable = "true"
		Debug.AspNetCompiler.ForceOverwrite = "true"
		Debug.AspNetCompiler.FixedNames = "false"
		Debug.AspNetCompiler.Debug = "True"
		Release.AspNetCompiler.VirtualPath = "/UserControls"
		Release.AspNetCompiler.PhysicalPath = "UserControls\"
		Release.AspNetCompiler.TargetPath = "PrecompiledWeb\UserControls\"
		Release.AspNetCompiler.Updateable = "true"
		Release.AspNetCompiler.ForceOverwrite = "true"
		Release.AspNetCompiler.FixedNames = "false"
		Release.AspNetCompiler.Debug = "False"
		SlnRelativePath = "UserControls\"
	EndProjectSection
EndProject
Global
	GlobalSection(SolutionConfigurationPlatforms) = preSolution
		Debug|Any CPU = Debug|Any CPU
	EndGlobalSection
	GlobalSection(ProjectConfigurationPlatforms) = postSolution
		{2B80EA3E-CA24-4DE5-A830-B609DBCBBA2D}.Debug|Any CPU.ActiveCfg = Debug|Any CPU
		{2B80EA3E-CA24-4DE5-A830-B609DBCBBA2D}.Debug|Any CPU.Build.0 = Debug|Any CPU
	EndGlobalSection
	GlobalSection(SolutionProperties) = preSolution
		HideSolutionNode = FALSE
	EndGlobalSection
EndGlobal
