
Microsoft Visual Studio Solution File, Format Version 12.00
# Visual Studio 2012
Project("{E24C65DC-7377-472B-9ABA-BC803B73C61A}") = "Ajax", "http://localhost:50901", "{3A42D79E-DEB4-4C81-AFF1-433842BA6D00}"
	ProjectSection(WebsiteProperties) = preProject
		UseIISExpress = "true"
		TargetFrameworkMoniker = ".NETFramework,Version%3Dv4.5"
		Debug.AspNetCompiler.VirtualPath = "/Ajax"
		Debug.AspNetCompiler.PhysicalPath = "Ajax\"
		Debug.AspNetCompiler.TargetPath = "PrecompiledWeb\Ajax\"
		Debug.AspNetCompiler.Updateable = "true"
		Debug.AspNetCompiler.ForceOverwrite = "true"
		Debug.AspNetCompiler.FixedNames = "false"
		Debug.AspNetCompiler.Debug = "True"
		Release.AspNetCompiler.VirtualPath = "/Ajax"
		Release.AspNetCompiler.PhysicalPath = "Ajax\"
		Release.AspNetCompiler.TargetPath = "PrecompiledWeb\Ajax\"
		Release.AspNetCompiler.Updateable = "true"
		Release.AspNetCompiler.ForceOverwrite = "true"
		Release.AspNetCompiler.FixedNames = "false"
		Release.AspNetCompiler.Debug = "False"
		SlnRelativePath = "Ajax\"
	EndProjectSection
EndProject
Global
	GlobalSection(SolutionConfigurationPlatforms) = preSolution
		Debug|Any CPU = Debug|Any CPU
	EndGlobalSection
	GlobalSection(ProjectConfigurationPlatforms) = postSolution
		{3A42D79E-DEB4-4C81-AFF1-433842BA6D00}.Debug|Any CPU.ActiveCfg = Debug|Any CPU
		{3A42D79E-DEB4-4C81-AFF1-433842BA6D00}.Debug|Any CPU.Build.0 = Debug|Any CPU
	EndGlobalSection
	GlobalSection(SolutionProperties) = preSolution
		HideSolutionNode = FALSE
	EndGlobalSection
EndGlobal
