
Microsoft Visual Studio Solution File, Format Version 12.00
# Visual Studio 2012
Project("{E24C65DC-7377-472B-9ABA-BC803B73C61A}") = "CookielessSessions", "http://localhost:56371", "{57F0CFF9-9A6A-40B0-A1E2-09FD973FB082}"
	ProjectSection(WebsiteProperties) = preProject
		UseIISExpress = "true"
		TargetFrameworkMoniker = ".NETFramework,Version%3Dv4.5"
		Debug.AspNetCompiler.VirtualPath = "/CookielessSessions"
		Debug.AspNetCompiler.PhysicalPath = "CookielessSessions\"
		Debug.AspNetCompiler.TargetPath = "PrecompiledWeb\CookielessSessions\"
		Debug.AspNetCompiler.Updateable = "true"
		Debug.AspNetCompiler.ForceOverwrite = "true"
		Debug.AspNetCompiler.FixedNames = "false"
		Debug.AspNetCompiler.Debug = "True"
		Release.AspNetCompiler.VirtualPath = "/CookielessSessions"
		Release.AspNetCompiler.PhysicalPath = "CookielessSessions\"
		Release.AspNetCompiler.TargetPath = "PrecompiledWeb\CookielessSessions\"
		Release.AspNetCompiler.Updateable = "true"
		Release.AspNetCompiler.ForceOverwrite = "true"
		Release.AspNetCompiler.FixedNames = "false"
		Release.AspNetCompiler.Debug = "False"
		SlnRelativePath = "CookielessSessions\"
	EndProjectSection
EndProject
Global
	GlobalSection(SolutionConfigurationPlatforms) = preSolution
		Debug|Any CPU = Debug|Any CPU
	EndGlobalSection
	GlobalSection(ProjectConfigurationPlatforms) = postSolution
		{57F0CFF9-9A6A-40B0-A1E2-09FD973FB082}.Debug|Any CPU.ActiveCfg = Debug|Any CPU
		{57F0CFF9-9A6A-40B0-A1E2-09FD973FB082}.Debug|Any CPU.Build.0 = Debug|Any CPU
	EndGlobalSection
	GlobalSection(SolutionProperties) = preSolution
		HideSolutionNode = FALSE
	EndGlobalSection
EndGlobal
