
Microsoft Visual Studio Solution File, Format Version 12.00
# Visual Studio 2012
Project("{E24C65DC-7377-472B-9ABA-BC803B73C61A}") = "StateManagement", "http://localhost:55902", "{02C3455C-B95A-450F-974B-223C7BBCA13B}"
	ProjectSection(WebsiteProperties) = preProject
		UseIISExpress = "true"
		TargetFrameworkMoniker = ".NETFramework,Version%3Dv4.5"
		Debug.AspNetCompiler.VirtualPath = "/StateManagement"
		Debug.AspNetCompiler.PhysicalPath = "StateManagement\"
		Debug.AspNetCompiler.TargetPath = "PrecompiledWeb\StateManagement\"
		Debug.AspNetCompiler.Updateable = "true"
		Debug.AspNetCompiler.ForceOverwrite = "true"
		Debug.AspNetCompiler.FixedNames = "false"
		Debug.AspNetCompiler.Debug = "True"
		Release.AspNetCompiler.VirtualPath = "/StateManagement"
		Release.AspNetCompiler.PhysicalPath = "StateManagement\"
		Release.AspNetCompiler.TargetPath = "PrecompiledWeb\StateManagement\"
		Release.AspNetCompiler.Updateable = "true"
		Release.AspNetCompiler.ForceOverwrite = "true"
		Release.AspNetCompiler.FixedNames = "false"
		Release.AspNetCompiler.Debug = "False"
		SlnRelativePath = "StateManagement\"
	EndProjectSection
EndProject
Global
	GlobalSection(SolutionConfigurationPlatforms) = preSolution
		Debug|Any CPU = Debug|Any CPU
	EndGlobalSection
	GlobalSection(ProjectConfigurationPlatforms) = postSolution
		{02C3455C-B95A-450F-974B-223C7BBCA13B}.Debug|Any CPU.ActiveCfg = Debug|Any CPU
		{02C3455C-B95A-450F-974B-223C7BBCA13B}.Debug|Any CPU.Build.0 = Debug|Any CPU
	EndGlobalSection
	GlobalSection(SolutionProperties) = preSolution
		HideSolutionNode = FALSE
	EndGlobalSection
EndGlobal
