
Microsoft Visual Studio Solution File, Format Version 12.00
# Visual Studio 2012
Project("{E24C65DC-7377-472B-9ABA-BC803B73C61A}") = "ErrorHandling(1)", "http://localhost:53259", "{C8E9BBC9-C707-4B96-B61B-FD583A5C1F87}"
	ProjectSection(WebsiteProperties) = preProject
		UseIISExpress = "true"
		TargetFrameworkMoniker = ".NETFramework,Version%3Dv4.5"
		Debug.AspNetCompiler.VirtualPath = "/ErrorHandling"
		Debug.AspNetCompiler.PhysicalPath = "ErrorHandling\"
		Debug.AspNetCompiler.TargetPath = "PrecompiledWeb\ErrorHandling\"
		Debug.AspNetCompiler.Updateable = "true"
		Debug.AspNetCompiler.ForceOverwrite = "true"
		Debug.AspNetCompiler.FixedNames = "false"
		Debug.AspNetCompiler.Debug = "True"
		Release.AspNetCompiler.VirtualPath = "/ErrorHandling"
		Release.AspNetCompiler.PhysicalPath = "ErrorHandling\"
		Release.AspNetCompiler.TargetPath = "PrecompiledWeb\ErrorHandling\"
		Release.AspNetCompiler.Updateable = "true"
		Release.AspNetCompiler.ForceOverwrite = "true"
		Release.AspNetCompiler.FixedNames = "false"
		Release.AspNetCompiler.Debug = "False"
		SlnRelativePath = "ErrorHandling\"
	EndProjectSection
EndProject
Global
	GlobalSection(SolutionConfigurationPlatforms) = preSolution
		Debug|Any CPU = Debug|Any CPU
	EndGlobalSection
	GlobalSection(ProjectConfigurationPlatforms) = postSolution
		{C8E9BBC9-C707-4B96-B61B-FD583A5C1F87}.Debug|Any CPU.ActiveCfg = Debug|Any CPU
		{C8E9BBC9-C707-4B96-B61B-FD583A5C1F87}.Debug|Any CPU.Build.0 = Debug|Any CPU
	EndGlobalSection
	GlobalSection(SolutionProperties) = preSolution
		HideSolutionNode = FALSE
	EndGlobalSection
EndGlobal
