
Microsoft Visual Studio Solution File, Format Version 12.00
# Visual Studio 2012
Project("{E24C65DC-7377-472B-9ABA-BC803B73C61A}") = "FileSystem", "http://localhost:57164", "{919C1A65-1307-47C1-BCFE-18E10A047162}"
	ProjectSection(WebsiteProperties) = preProject
		UseIISExpress = "true"
		TargetFrameworkMoniker = ".NETFramework,Version%3Dv4.5"
		Debug.AspNetCompiler.VirtualPath = "/FileSystem"
		Debug.AspNetCompiler.PhysicalPath = "FileSystem\"
		Debug.AspNetCompiler.TargetPath = "PrecompiledWeb\FileSystem\"
		Debug.AspNetCompiler.Updateable = "true"
		Debug.AspNetCompiler.ForceOverwrite = "true"
		Debug.AspNetCompiler.FixedNames = "false"
		Debug.AspNetCompiler.Debug = "True"
		Release.AspNetCompiler.VirtualPath = "/FileSystem"
		Release.AspNetCompiler.PhysicalPath = "FileSystem\"
		Release.AspNetCompiler.TargetPath = "PrecompiledWeb\FileSystem\"
		Release.AspNetCompiler.Updateable = "true"
		Release.AspNetCompiler.ForceOverwrite = "true"
		Release.AspNetCompiler.FixedNames = "false"
		Release.AspNetCompiler.Debug = "False"
		SlnRelativePath = "FileSystem\"
	EndProjectSection
EndProject
Global
	GlobalSection(SolutionConfigurationPlatforms) = preSolution
		Debug|Any CPU = Debug|Any CPU
	EndGlobalSection
	GlobalSection(ProjectConfigurationPlatforms) = postSolution
		{919C1A65-1307-47C1-BCFE-18E10A047162}.Debug|Any CPU.ActiveCfg = Debug|Any CPU
		{919C1A65-1307-47C1-BCFE-18E10A047162}.Debug|Any CPU.Build.0 = Debug|Any CPU
	EndGlobalSection
	GlobalSection(SolutionProperties) = preSolution
		HideSolutionNode = FALSE
	EndGlobalSection
EndGlobal
