
Microsoft Visual Studio Solution File, Format Version 12.00
# Visual Studio 2012
Project("{E24C65DC-7377-472B-9ABA-BC803B73C61A}") = "FileUploading", "http://localhost:57976", "{6CF1C668-D4F3-49D9-A59A-35253BA46C9F}"
	ProjectSection(WebsiteProperties) = preProject
		UseIISExpress = "true"
		TargetFrameworkMoniker = ".NETFramework,Version%3Dv4.5"
		Debug.AspNetCompiler.VirtualPath = "/FileUploading"
		Debug.AspNetCompiler.PhysicalPath = "FileUploading\"
		Debug.AspNetCompiler.TargetPath = "PrecompiledWeb\FileUploading\"
		Debug.AspNetCompiler.Updateable = "true"
		Debug.AspNetCompiler.ForceOverwrite = "true"
		Debug.AspNetCompiler.FixedNames = "false"
		Debug.AspNetCompiler.Debug = "True"
		Release.AspNetCompiler.VirtualPath = "/FileUploading"
		Release.AspNetCompiler.PhysicalPath = "FileUploading\"
		Release.AspNetCompiler.TargetPath = "PrecompiledWeb\FileUploading\"
		Release.AspNetCompiler.Updateable = "true"
		Release.AspNetCompiler.ForceOverwrite = "true"
		Release.AspNetCompiler.FixedNames = "false"
		Release.AspNetCompiler.Debug = "False"
		SlnRelativePath = "FileUploading\"
	EndProjectSection
EndProject
Global
	GlobalSection(SolutionConfigurationPlatforms) = preSolution
		Debug|Any CPU = Debug|Any CPU
	EndGlobalSection
	GlobalSection(ProjectConfigurationPlatforms) = postSolution
		{6CF1C668-D4F3-49D9-A59A-35253BA46C9F}.Debug|Any CPU.ActiveCfg = Debug|Any CPU
		{6CF1C668-D4F3-49D9-A59A-35253BA46C9F}.Debug|Any CPU.Build.0 = Debug|Any CPU
	EndGlobalSection
	GlobalSection(SolutionProperties) = preSolution
		HideSolutionNode = FALSE
	EndGlobalSection
EndGlobal
