
Microsoft Visual Studio Solution File, Format Version 12.00
# Visual Studio 2012
Project("{E24C65DC-7377-472B-9ABA-BC803B73C61A}") = "EntityFramework", "http://localhost:7064", "{B9F07A92-618E-4B35-9D22-E252704039AD}"
	ProjectSection(WebsiteProperties) = preProject
		UseIISExpress = "true"
		TargetFrameworkMoniker = ".NETFramework,Version%3Dv4.5"
		Debug.AspNetCompiler.VirtualPath = "/EntityFramework"
		Debug.AspNetCompiler.PhysicalPath = "EntityFramework\"
		Debug.AspNetCompiler.TargetPath = "PrecompiledWeb\EntityFramework\"
		Debug.AspNetCompiler.Updateable = "true"
		Debug.AspNetCompiler.ForceOverwrite = "true"
		Debug.AspNetCompiler.FixedNames = "false"
		Debug.AspNetCompiler.Debug = "True"
		Release.AspNetCompiler.VirtualPath = "/EntityFramework"
		Release.AspNetCompiler.PhysicalPath = "EntityFramework\"
		Release.AspNetCompiler.TargetPath = "PrecompiledWeb\EntityFramework\"
		Release.AspNetCompiler.Updateable = "true"
		Release.AspNetCompiler.ForceOverwrite = "true"
		Release.AspNetCompiler.FixedNames = "false"
		Release.AspNetCompiler.Debug = "False"
		SlnRelativePath = "EntityFramework\"
	EndProjectSection
EndProject
Global
	GlobalSection(SolutionConfigurationPlatforms) = preSolution
		Debug|Any CPU = Debug|Any CPU
	EndGlobalSection
	GlobalSection(ProjectConfigurationPlatforms) = postSolution
		{B9F07A92-618E-4B35-9D22-E252704039AD}.Debug|Any CPU.ActiveCfg = Debug|Any CPU
		{B9F07A92-618E-4B35-9D22-E252704039AD}.Debug|Any CPU.Build.0 = Debug|Any CPU
	EndGlobalSection
	GlobalSection(SolutionProperties) = preSolution
		HideSolutionNode = FALSE
	EndGlobalSection
EndGlobal
